<?xml version="1.0" encoding="UTF-8"?>
<CodeBlocks_project_file>
	<FileVersion major="1" minor="6"/>
	<Project>
		<Option title="ConsoleOpenGL"/>
		<Option makefile_is_custom="1"/>
		<Option compiler="msvc8"/>
		<Option virtualFolders="CMake Files\;"/>
		<Build>
			<Target title="all">
				<Option working_dir="C:/Users/Thiago Souto/Documents/OpenGL/3-Console Application/build-ConsoleOpenGL-Desktop_x86_windows_msvc2019_pe_32bit-Debug"/>
				<Option type="4"/>
				<MakeCommands>
					<Build command="C:/PROGRA~2/MICROS~4/2019/COMMUN~1/Common7/IDE/COMMON~1/MICROS~1/CMake/Ninja/ninja.exe -v all"/>
					<CompileFile command="C:/PROGRA~2/MICROS~4/2019/COMMUN~1/Common7/IDE/COMMON~1/MICROS~1/CMake/Ninja/ninja.exe -v &quot;$file&quot;"/>
					<Clean command="C:/PROGRA~2/MICROS~4/2019/COMMUN~1/Common7/IDE/COMMON~1/MICROS~1/CMake/Ninja/ninja.exe -v clean"/>
					<DistClean command="C:/PROGRA~2/MICROS~4/2019/COMMUN~1/Common7/IDE/COMMON~1/MICROS~1/CMake/Ninja/ninja.exe -v clean"/>
				</MakeCommands>
			</Target>
			<Target title="ConsoleOpenGL">
				<Option output="C:/Users/Thiago Souto/Documents/OpenGL/3-Console Application/build-ConsoleOpenGL-Desktop_x86_windows_msvc2019_pe_32bit-Debug/ConsoleOpenGL.exe" prefix_auto="0" extension_auto="0"/>
				<Option working_dir="C:/Users/Thiago Souto/Documents/OpenGL/3-Console Application/build-ConsoleOpenGL-Desktop_x86_windows_msvc2019_pe_32bit-Debug"/>
				<Option object_output="./"/>
				<Option type="1"/>
				<Option compiler="msvc8"/>
				<Compiler>
					<Add directory="C:/Users/Thiago Souto/Documents/OpenGL/3-Console Application/build-ConsoleOpenGL-Desktop_x86_windows_msvc2019_pe_32bit-Debug"/>
					<Add directory="C:/Users/Thiago Souto/Documents/OpenGL/3-Console Application/ConsoleOpenGL"/>
					<Add directory="C:\Program Files (x86)\Microsoft Visual Studio\2019\Community\VC\Tools\MSVC\14.27.29110\ATLMFC\include"/>
					<Add directory="C:\Program Files (x86)\Microsoft Visual Studio\2019\Community\VC\Tools\MSVC\14.27.29110\include"/>
					<Add directory="C:\Program Files (x86)\Windows Kits\NETFXSDK\4.7.2\include\um"/>
					<Add directory="C:\Program Files (x86)\Windows Kits\10\include\10.0.18362.0\ucrt"/>
					<Add directory="C:\Program Files (x86)\Windows Kits\10\include\10.0.18362.0\shared"/>
					<Add directory="C:\Program Files (x86)\Windows Kits\10\include\10.0.18362.0\um"/>
					<Add directory="C:\Program Files (x86)\Windows Kits\10\include\10.0.18362.0\winrt"/>
					<Add directory="C:\Program Files (x86)\Windows Kits\10\include\10.0.18362.0\cppwinrt"/>
				</Compiler>
				<MakeCommands>
					<Build command="C:/PROGRA~2/MICROS~4/2019/COMMUN~1/Common7/IDE/COMMON~1/MICROS~1/CMake/Ninja/ninja.exe -v ConsoleOpenGL"/>
					<CompileFile command="C:/PROGRA~2/MICROS~4/2019/COMMUN~1/Common7/IDE/COMMON~1/MICROS~1/CMake/Ninja/ninja.exe -v &quot;$file&quot;"/>
					<Clean command="C:/PROGRA~2/MICROS~4/2019/COMMUN~1/Common7/IDE/COMMON~1/MICROS~1/CMake/Ninja/ninja.exe -v clean"/>
					<DistClean command="C:/PROGRA~2/MICROS~4/2019/COMMUN~1/Common7/IDE/COMMON~1/MICROS~1/CMake/Ninja/ninja.exe -v clean"/>
				</MakeCommands>
			</Target>
			<Target title="ConsoleOpenGL/fast">
				<Option output="C:/Users/Thiago Souto/Documents/OpenGL/3-Console Application/build-ConsoleOpenGL-Desktop_x86_windows_msvc2019_pe_32bit-Debug/ConsoleOpenGL.exe" prefix_auto="0" extension_auto="0"/>
				<Option working_dir="C:/Users/Thiago Souto/Documents/OpenGL/3-Console Application/build-ConsoleOpenGL-Desktop_x86_windows_msvc2019_pe_32bit-Debug"/>
				<Option object_output="./"/>
				<Option type="1"/>
				<Option compiler="msvc8"/>
				<Compiler>
					<Add directory="C:/Users/Thiago Souto/Documents/OpenGL/3-Console Application/build-ConsoleOpenGL-Desktop_x86_windows_msvc2019_pe_32bit-Debug"/>
					<Add directory="C:/Users/Thiago Souto/Documents/OpenGL/3-Console Application/ConsoleOpenGL"/>
					<Add directory="C:\Program Files (x86)\Microsoft Visual Studio\2019\Community\VC\Tools\MSVC\14.27.29110\ATLMFC\include"/>
					<Add directory="C:\Program Files (x86)\Microsoft Visual Studio\2019\Community\VC\Tools\MSVC\14.27.29110\include"/>
					<Add directory="C:\Program Files (x86)\Windows Kits\NETFXSDK\4.7.2\include\um"/>
					<Add directory="C:\Program Files (x86)\Windows Kits\10\include\10.0.18362.0\ucrt"/>
					<Add directory="C:\Program Files (x86)\Windows Kits\10\include\10.0.18362.0\shared"/>
					<Add directory="C:\Program Files (x86)\Windows Kits\10\include\10.0.18362.0\um"/>
					<Add directory="C:\Program Files (x86)\Windows Kits\10\include\10.0.18362.0\winrt"/>
					<Add directory="C:\Program Files (x86)\Windows Kits\10\include\10.0.18362.0\cppwinrt"/>
				</Compiler>
				<MakeCommands>
					<Build command="C:/PROGRA~2/MICROS~4/2019/COMMUN~1/Common7/IDE/COMMON~1/MICROS~1/CMake/Ninja/ninja.exe -v ConsoleOpenGL/fast"/>
					<CompileFile command="C:/PROGRA~2/MICROS~4/2019/COMMUN~1/Common7/IDE/COMMON~1/MICROS~1/CMake/Ninja/ninja.exe -v &quot;$file&quot;"/>
					<Clean command="C:/PROGRA~2/MICROS~4/2019/COMMUN~1/Common7/IDE/COMMON~1/MICROS~1/CMake/Ninja/ninja.exe -v clean"/>
					<DistClean command="C:/PROGRA~2/MICROS~4/2019/COMMUN~1/Common7/IDE/COMMON~1/MICROS~1/CMake/Ninja/ninja.exe -v clean"/>
				</MakeCommands>
			</Target>
			<Target title="edit_cache">
				<Option working_dir="C:/Users/Thiago Souto/Documents/OpenGL/3-Console Application/build-ConsoleOpenGL-Desktop_x86_windows_msvc2019_pe_32bit-Debug"/>
				<Option type="4"/>
				<MakeCommands>
					<Build command="C:/PROGRA~2/MICROS~4/2019/COMMUN~1/Common7/IDE/COMMON~1/MICROS~1/CMake/Ninja/ninja.exe -v edit_cache"/>
					<CompileFile command="C:/PROGRA~2/MICROS~4/2019/COMMUN~1/Common7/IDE/COMMON~1/MICROS~1/CMake/Ninja/ninja.exe -v &quot;$file&quot;"/>
					<Clean command="C:/PROGRA~2/MICROS~4/2019/COMMUN~1/Common7/IDE/COMMON~1/MICROS~1/CMake/Ninja/ninja.exe -v clean"/>
					<DistClean command="C:/PROGRA~2/MICROS~4/2019/COMMUN~1/Common7/IDE/COMMON~1/MICROS~1/CMake/Ninja/ninja.exe -v clean"/>
				</MakeCommands>
			</Target>
			<Target title="rebuild_cache">
				<Option working_dir="C:/Users/Thiago Souto/Documents/OpenGL/3-Console Application/build-ConsoleOpenGL-Desktop_x86_windows_msvc2019_pe_32bit-Debug"/>
				<Option type="4"/>
				<MakeCommands>
					<Build command="C:/PROGRA~2/MICROS~4/2019/COMMUN~1/Common7/IDE/COMMON~1/MICROS~1/CMake/Ninja/ninja.exe -v rebuild_cache"/>
					<CompileFile command="C:/PROGRA~2/MICROS~4/2019/COMMUN~1/Common7/IDE/COMMON~1/MICROS~1/CMake/Ninja/ninja.exe -v &quot;$file&quot;"/>
					<Clean command="C:/PROGRA~2/MICROS~4/2019/COMMUN~1/Common7/IDE/COMMON~1/MICROS~1/CMake/Ninja/ninja.exe -v clean"/>
					<DistClean command="C:/PROGRA~2/MICROS~4/2019/COMMUN~1/Common7/IDE/COMMON~1/MICROS~1/CMake/Ninja/ninja.exe -v clean"/>
				</MakeCommands>
			</Target>
		</Build>
		<Unit filename="C:/Users/Thiago Souto/Documents/OpenGL/3-Console Application/ConsoleOpenGL/main.cpp">
			<Option target="ConsoleOpenGL"/>
		</Unit>
		<Unit filename="C:/Users/Thiago Souto/Documents/OpenGL/3-Console Application/ConsoleOpenGL/CMakeLists.txt">
			<Option virtualFolder="CMake Files\"/>
		</Unit>
	</Project>
</CodeBlocks_project_file>
